
Microsoft Visual Studio Solution File, Format Version 11.00
# Visual C++ Express 2010
Project("{8BC9CEB8-8B4A-11D0-8D11-00A0C91BC942}") = "RawSource26", "RawSource26.vcxproj", "{2C1EDBEB-68BE-AE4A-7C86-2CBF8CD768C3}"
EndProject
Global
	GlobalSection(SolutionConfigurationPlatforms) = preSolution
		Debug|Win32 = Debug|Win32
		Release|Win32 = Release|Win32
	EndGlobalSection
	GlobalSection(ProjectConfigurationPlatforms) = postSolution
		{2C1EDBEB-68BE-AE4A-7C86-2CBF8CD768C3}.Debug|Win32.ActiveCfg = Debug|Win32
		{2C1EDBEB-68BE-AE4A-7C86-2CBF8CD768C3}.Debug|Win32.Build.0 = Debug|Win32
		{2C1EDBEB-68BE-AE4A-7C86-2CBF8CD768C3}.Release|Win32.ActiveCfg = Release|Win32
		{2C1EDBEB-68BE-AE4A-7C86-2CBF8CD768C3}.Release|Win32.Build.0 = Release|Win32
	EndGlobalSection
	GlobalSection(SolutionProperties) = preSolution
		HideSolutionNode = FALSE
	EndGlobalSection
EndGlobal
